# This is a Gradle generated file for dependency locking.
# Manual edits can break the build and are not advised.
# This file is expected to be part of source control.
com.fasterxml.jackson.core:jackson-annotations:2.13.0=runtimeClasspath
com.fasterxml.jackson.core:jackson-core:2.13.0=runtimeClasspath
com.fasterxml.jackson.core:jackson-databind:2.13.0=runtimeClasspath
com.fasterxml.jackson.datatype:jackson-datatype-jdk8:2.13.0=runtimeClasspath
com.fasterxml.jackson.datatype:jackson-datatype-jsr310:2.13.0=runtimeClasspath
com.fasterxml.jackson.module:jackson-module-parameter-names:2.13.0=runtimeClasspath
com.fasterxml.jackson:jackson-bom:2.13.0=runtimeClasspath
jakarta.annotation:jakarta.annotation-api:1.3.5=runtimeClasspath
org.apache.logging.log4j:log4j-api:2.14.1=runtimeClasspath
org.apache.logging.log4j:log4j-core:2.14.1=runtimeClasspath
org.apache.logging.log4j:log4j-jul:2.14.1=runtimeClasspath
org.apache.logging.log4j:log4j-slf4j-impl:2.14.1=runtimeClasspath
org.apache.tomcat.embed:tomcat-embed-core:9.0.55=runtimeClasspath
org.apache.tomcat.embed:tomcat-embed-el:9.0.55=runtimeClasspath
org.apache.tomcat.embed:tomcat-embed-websocket:9.0.55=runtimeClasspath
org.slf4j:jul-to-slf4j:1.7.32=runtimeClasspath
org.slf4j:slf4j-api:1.7.32=runtimeClasspath
org.springframework.boot:spring-boot-autoconfigure:2.6.1=runtimeClasspath
org.springframework.boot:spring-boot-starter-json:2.6.1=runtimeClasspath
org.springframework.boot:spring-boot-starter-log4j2:2.6.1=runtimeClasspath
org.springframework.boot:spring-boot-starter-tomcat:2.6.1=runtimeClasspath
org.springframework.boot:spring-boot-starter-web:2.6.1=runtimeClasspath
org.springframework.boot:spring-boot-starter:2.6.1=runtimeClasspath
org.springframework.boot:spring-boot:2.6.1=runtimeClasspath
org.springframework:spring-aop:5.3.13=runtimeClasspath
org.springframework:spring-beans:5.3.13=runtimeClasspath
org.springframework:spring-context:5.3.13=runtimeClasspath
org.springframework:spring-core:5.3.13=runtimeClasspath
org.springframework:spring-expression:5.3.13=runtimeClasspath
org.springframework:spring-jcl:5.3.13=runtimeClasspath
org.springframework:spring-web:5.3.13=runtimeClasspath
org.springframework:spring-webmvc:5.3.13=runtimeClasspath
org.yaml:snakeyaml:1.29=runtimeClasspath
empty=
